
Microsoft Visual Studio Solution File, Format Version 12.00
# Visual Studio Version 16
VisualStudioVersion = 16.0.31205.134
MinimumVisualStudioVersion = 10.0.40219.1
Project("{9A19103F-16F7-4668-BE54-9A1E7A4F7556}") = "InternAPI", "InternAPI.csproj", "{A062D2BF-745D-404C-9A00-338AC3948A48}"
EndProject
Global
	GlobalSection(SolutionConfigurationPlatforms) = preSolution
		Debug|Any CPU = Debug|Any CPU
		Release|Any CPU = Release|Any CPU
	EndGlobalSection
	GlobalSection(ProjectConfigurationPlatforms) = postSolution
		{A062D2BF-745D-404C-9A00-338AC3948A48}.Debug|Any CPU.ActiveCfg = Debug|Any CPU
		{A062D2BF-745D-404C-9A00-338AC3948A48}.Debug|Any CPU.Build.0 = Debug|Any CPU
		{A062D2BF-745D-404C-9A00-338AC3948A48}.Release|Any CPU.ActiveCfg = Release|Any CPU
		{A062D2BF-745D-404C-9A00-338AC3948A48}.Release|Any CPU.Build.0 = Release|Any CPU
	EndGlobalSection
	GlobalSection(SolutionProperties) = preSolution
		HideSolutionNode = FALSE
	EndGlobalSection
	GlobalSection(ExtensibilityGlobals) = postSolution
		SolutionGuid = {ABBDB750-91E5-4335-9180-C536C6564DE9}
	EndGlobalSection
EndGlobal
